// !$*UTF8*$!
{
	archiveVersion = 1;
	classes = {
	};
	objectVersion = 46;
	objects = {

/* Begin PBXBuildFile section */
		45BED0F51C169D3200707036 /* main.cpp in Sources */ = {isa = PBXBuildFile; fileRef = 45BED0F41C169D3200707036 /* main.cpp */; };
		45BED0F91C169DA600707036 /* ParallelTravellingSalesmanDFS.cpp in Sources */ = {isa = PBXBuildFile; fileRef = 45BED0F71C169DA600707036 /* ParallelTravellingSalesmanDFS.cpp */; };
		5050BFDA1C16BA6B00180450 /* SerialTravellingSalesmanDFS.cpp in Sources */ = {isa = PBXBuildFile; fileRef = 5050BFD91C16BA6B00180450 /* SerialTravellingSalesmanDFS.cpp */; };
/* End PBXBuildFile section */

/* Begin PBXCopyFilesBuildPhase section */
		45BED0E81C169CFC00707036 /* CopyFiles */ = {
			isa = PBXCopyFilesBuildPhase;
			buildActionMask = 2147483647;
			dstPath = /usr/share/man/man1/;
			dstSubfolderSpec = 0;
			files = (
			);
			runOnlyForDeploymentPostprocessing = 1;
		};
/* End PBXCopyFilesBuildPhase section */

/* Begin PBXFileReference section */
		45BED0EA1C169CFC00707036 /* FinalProjectParallel */ = {isa = PBXFileReference; explicitFileType = "compiled.mach-o.executable"; includeInIndex = 0; path = FinalProjectParallel; sourceTree = BUILT_PRODUCTS_DIR; };
		45BED0F41C169D3200707036 /* main.cpp */ = {isa = PBXFileReference; fileEncoding = 4; lastKnownFileType = sourcecode.cpp.cpp; path = main.cpp; sourceTree = "<group>"; };
		45BED0F61C169D8F00707036 /* cities.h */ = {isa = PBXFileReference; fileEncoding = 4; lastKnownFileType = sourcecode.c.h; path = cities.h; sourceTree = "<group>"; };
		45BED0F71C169DA600707036 /* ParallelTravellingSalesmanDFS.cpp */ = {isa = PBXFileReference; fileEncoding = 4; lastKnownFileType = sourcecode.cpp.cpp; path = ParallelTravellingSalesmanDFS.cpp; sourceTree = "<group>"; };
		45BED0F81C169DA600707036 /* ParallelTravellingSalesmanDFS.h */ = {isa = PBXFileReference; fileEncoding = 4; lastKnownFileType = sourcecode.c.h; path = ParallelTravellingSalesmanDFS.h; sourceTree = "<group>"; };
		45BED0FA1C169DD000707036 /* SharedQueue.h */ = {isa = PBXFileReference; fileEncoding = 4; lastKnownFileType = sourcecode.c.h; path = SharedQueue.h; sourceTree = "<group>"; };
		5050BFD81C16B9B900180450 /* SerialTravellingSalesmanDFS.h */ = {isa = PBXFileReference; lastKnownFileType = sourcecode.c.h; path = SerialTravellingSalesmanDFS.h; sourceTree = "<group>"; };
		5050BFD91C16BA6B00180450 /* SerialTravellingSalesmanDFS.cpp */ = {isa = PBXFileReference; fileEncoding = 4; lastKnownFileType = sourcecode.cpp.cpp; path = SerialTravellingSalesmanDFS.cpp; sourceTree = "<group>"; };
/* End PBXFileReference section */

/* Begin PBXFrameworksBuildPhase section */
		45BED0E71C169CFC00707036 /* Frameworks */ = {
			isa = PBXFrameworksBuildPhase;
			buildActionMask = 2147483647;
			files = (
			);
			runOnlyForDeploymentPostprocessing = 0;
		};
/* End PBXFrameworksBuildPhase section */

/* Begin PBXGroup section */
		45BED0E11C169CFC00707036 = {
			isa = PBXGroup;
			children = (
				45BED0EC1C169CFC00707036 /* FinalProjectParallel */,
				45BED0EB1C169CFC00707036 /* Products */,
			);
			sourceTree = "<group>";
		};
		45BED0EB1C169CFC00707036 /* Products */ = {
			isa = PBXGroup;
			children = (
				45BED0EA1C169CFC00707036 /* FinalProjectParallel */,
			);
			name = Products;
			sourceTree = "<group>";
		};
		45BED0EC1C169CFC00707036 /* FinalProjectParallel */ = {
			isa = PBXGroup;
			children = (
				45BED0FA1C169DD000707036 /* SharedQueue.h */,
				45BED0F71C169DA600707036 /* ParallelTravellingSalesmanDFS.cpp */,
				45BED0F81C169DA600707036 /* ParallelTravellingSalesmanDFS.h */,
				45BED0F61C169D8F00707036 /* cities.h */,
				45BED0F41C169D3200707036 /* main.cpp */,
				5050BFD81C16B9B900180450 /* SerialTravellingSalesmanDFS.h */,
				5050BFD91C16BA6B00180450 /* SerialTravellingSalesmanDFS.cpp */,
			);
			path = FinalProjectParallel;
			sourceTree = "<group>";
		};
/* End PBXGroup section */

/* Begin PBXNativeTarget section */
		45BED0E91C169CFC00707036 /* FinalProjectParallel */ = {
			isa = PBXNativeTarget;
			buildConfigurationList = 45BED0F11C169CFC00707036 /* Build configuration list for PBXNativeTarget "FinalProjectParallel" */;
			buildPhases = (
				45BED0E61C169CFC00707036 /* Sources */,
				45BED0E71C169CFC00707036 /* Frameworks */,
				45BED0E81C169CFC00707036 /* CopyFiles */,
			);
			buildRules = (
			);
			dependencies = (
			);
			name = FinalProjectParallel;
			productName = FinalProjectParallel;
			productReference = 45BED0EA1C169CFC00707036 /* FinalProjectParallel */;
			productType = "com.apple.product-type.tool";
		};
/* End PBXNativeTarget section */

/* Begin PBXProject section */
		45BED0E21C169CFC00707036 /* Project object */ = {
			isa = PBXProject;
			attributes = {
				LastUpgradeCheck = 0640;
				ORGANIZATIONNAME = Matt;
				TargetAttributes = {
					45BED0E91C169CFC00707036 = {
						CreatedOnToolsVersion = 6.4;
					};
				};
			};
			buildConfigurationList = 45BED0E51C169CFC00707036 /* Build configuration list for PBXProject "FinalProjectParallel" */;
			compatibilityVersion = "Xcode 3.2";
			developmentRegion = English;
			hasScannedForEncodings = 0;
			knownRegions = (
				en,
			);
			mainGroup = 45BED0E11C169CFC00707036;
			productRefGroup = 45BED0EB1C169CFC00707036 /* Products */;
			projectDirPath = "";
			projectRoot = "";
			targets = (
				45BED0E91C169CFC00707036 /* FinalProjectParallel */,
			);
		};
/* End PBXProject section */

/* Begin PBXSourcesBuildPhase section */
		45BED0E61C169CFC00707036 /* Sources */ = {
			isa = PBXSourcesBuildPhase;
			buildActionMask = 2147483647;
			files = (
				5050BFDA1C16BA6B00180450 /* SerialTravellingSalesmanDFS.cpp in Sources */,
				45BED0F51C169D3200707036 /* main.cpp in Sources */,
				45BED0F91C169DA600707036 /* ParallelTravellingSalesmanDFS.cpp in Sources */,
			);
			runOnlyForDeploymentPostprocessing = 0;
		};
/* End PBXSourcesBuildPhase section */

/* Begin XCBuildConfiguration section */
		45BED0EF1C169CFC00707036 /* Debug */ = {
			isa = XCBuildConfiguration;
			buildSettings = {
				ALWAYS_SEARCH_USER_PATHS = NO;
				CLANG_CXX_LANGUAGE_STANDARD = "gnu++0x";
				CLANG_CXX_LIBRARY = "libc++";
				CLANG_ENABLE_MODULES = YES;
				CLANG_ENABLE_OBJC_ARC = YES;
				CLANG_WARN_BOOL_CONVERSION = YES;
				CLANG_WARN_CONSTANT_CONVERSION = YES;
				CLANG_WARN_DIRECT_OBJC_ISA_USAGE = YES_ERROR;
				CLANG_WARN_EMPTY_BODY = YES;
				CLANG_WARN_ENUM_CONVERSION = YES;
				CLANG_WARN_INT_CONVERSION = YES;
				CLANG_WARN_OBJC_ROOT_CLASS = YES_ERROR;
				CLANG_WARN_UNREACHABLE_CODE = YES;
				CLANG_WARN__DUPLICATE_METHOD_MATCH = YES;
				COPY_PHASE_STRIP = NO;
				DEBUG_INFORMATION_FORMAT = dwarf;
				ENABLE_STRICT_OBJC_MSGSEND = YES;
				GCC_C_LANGUAGE_STANDARD = gnu99;
				GCC_DYNAMIC_NO_PIC = NO;
				GCC_NO_COMMON_BLOCKS = YES;
				GCC_OPTIMIZATION_LEVEL = 0;
				GCC_PREPROCESSOR_DEFINITIONS = (
					"DEBUG=1",
					"$(inherited)",
				);
				GCC_SYMBOLS_PRIVATE_EXTERN = NO;
				GCC_WARN_64_TO_32_BIT_CONVERSION = YES;
				GCC_WARN_ABOUT_RETURN_TYPE = YES_ERROR;
				GCC_WARN_UNDECLARED_SELECTOR = YES;
				GCC_WARN_UNINITIALIZED_AUTOS = YES_AGGRESSIVE;
				GCC_WARN_UNUSED_FUNCTION = YES;
				GCC_WARN_UNUSED_VARIABLE = YES;
				MACOSX_DEPLOYMENT_TARGET = 10.10;
				MTL_ENABLE_DEBUG_INFO = YES;
				ONLY_ACTIVE_ARCH = YES;
				SDKROOT = macosx;
			};
			name = Debug;
		};
		45BED0F01C169CFC00707036 /* Release */ = {
			isa = XCBuildConfiguration;
			buildSettings = {
				ALWAYS_SEARCH_USER_PATHS = NO;
				CLANG_CXX_LANGUAGE_STANDARD = "gnu++0x";
				CLANG_CXX_LIBRARY = "libc++";
				CLANG_ENABLE_MODULES = YES;
				CLANG_ENABLE_OBJC_ARC = YES;
				CLANG_WARN_BOOL_CONVERSION = YES;
				CLANG_WARN_CONSTANT_CONVERSION = YES;
				CLANG_WARN_DIRECT_OBJC_ISA_USAGE = YES_ERROR;
				CLANG_WARN_EMPTY_BODY = YES;
				CLANG_WARN_ENUM_CONVERSION = YES;
				CLANG_WARN_INT_CONVERSION = YES;
				CLANG_WARN_OBJC_ROOT_CLASS = YES_ERROR;
				CLANG_WARN_UNREACHABLE_CODE = YES;
				CLANG_WARN__DUPLICATE_METHOD_MATCH = YES;
				COPY_PHASE_STRIP = NO;
				DEBUG_INFORMATION_FORMAT = "dwarf-with-dsym";
				ENABLE_NS_ASSERTIONS = NO;
				ENABLE_STRICT_OBJC_MSGSEND = YES;
				GCC_C_LANGUAGE_STANDARD = gnu99;
				GCC_NO_COMMON_BLOCKS = YES;
				GCC_WARN_64_TO_32_BIT_CONVERSION = YES;
				GCC_WARN_ABOUT_RETURN_TYPE = YES_ERROR;
				GCC_WARN_UNDECLARED_SELECTOR = YES;
				GCC_WARN_UNINITIALIZED_AUTOS = YES_AGGRESSIVE;
				GCC_WARN_UNUSED_FUNCTION = YES;
				GCC_WARN_UNUSED_VARIABLE = YES;
				MACOSX_DEPLOYMENT_TARGET = 10.10;
				MTL_ENABLE_DEBUG_INFO = NO;
				SDKROOT = macosx;
			};
			name = Release;
		};
		45BED0F21C169CFC00707036 /* Debug */ = {
			isa = XCBuildConfiguration;
			buildSettings = {
				PRODUCT_NAME = "$(TARGET_NAME)";
			};
			name = Debug;
		};
		45BED0F31C169CFC00707036 /* Release */ = {
			isa = XCBuildConfiguration;
			buildSettings = {
				PRODUCT_NAME = "$(TARGET_NAME)";
			};
			name = Release;
		};
/* End XCBuildConfiguration section */

/* Begin XCConfigurationList section */
		45BED0E51C169CFC00707036 /* Build configuration list for PBXProject "FinalProjectParallel" */ = {
			isa = XCConfigurationList;
			buildConfigurations = (
				45BED0EF1C169CFC00707036 /* Debug */,
				45BED0F01C169CFC00707036 /* Release */,
			);
			defaultConfigurationIsVisible = 0;
			defaultConfigurationName = Release;
		};
		45BED0F11C169CFC00707036 /* Build configuration list for PBXNativeTarget "FinalProjectParallel" */ = {
			isa = XCConfigurationList;
			buildConfigurations = (
				45BED0F21C169CFC00707036 /* Debug */,
				45BED0F31C169CFC00707036 /* Release */,
			);
			defaultConfigurationIsVisible = 0;
			defaultConfigurationName = Release;
		};
/* End XCConfigurationList section */
	};
	rootObject = 45BED0E21C169CFC00707036 /* Project object */;
}
